
Microsoft Visual Studio Solution File, Format Version 12.00
# Visual Studio Version 16
VisualStudioVersion = 16.0.31129.286
MinimumVisualStudioVersion = 10.0.40219.1
Project("{9A19103F-16F7-4668-BE54-9A1E7A4F7556}") = "DataAccess", "DataAccess\DataAccess.csproj", "{63939A7D-F14D-42FD-AEEC-B3863DC52447}"
EndProject
Project("{9A19103F-16F7-4668-BE54-9A1E7A4F7556}") = "Business", "Business\Business.csproj", "{EF091936-2585-42C5-B20C-7D290DB0A1A8}"
EndProject
Project("{9A19103F-16F7-4668-BE54-9A1E7A4F7556}") = "WebUI", "WebUI\WebUI.csproj", "{5D118458-3BC9-42EA-AB6C-D786157BB64F}"
EndProject
Project("{9A19103F-16F7-4668-BE54-9A1E7A4F7556}") = "Core", "Core\Core.csproj", "{F24D379D-E01A-441D-ADE5-BBAD36E422A8}"
EndProject
Project("{9A19103F-16F7-4668-BE54-9A1E7A4F7556}") = "Entities", "Entities2\Entities.csproj", "{9137CC86-46AC-4740-8713-E2BC9EDBEE87}"
EndProject
Global
	GlobalSection(SolutionConfigurationPlatforms) = preSolution
		Debug|Any CPU = Debug|Any CPU
		Release|Any CPU = Release|Any CPU
	EndGlobalSection
	GlobalSection(ProjectConfigurationPlatforms) = postSolution
		{63939A7D-F14D-42FD-AEEC-B3863DC52447}.Debug|Any CPU.ActiveCfg = Debug|Any CPU
		{63939A7D-F14D-42FD-AEEC-B3863DC52447}.Debug|Any CPU.Build.0 = Debug|Any CPU
		{63939A7D-F14D-42FD-AEEC-B3863DC52447}.Release|Any CPU.ActiveCfg = Release|Any CPU
		{63939A7D-F14D-42FD-AEEC-B3863DC52447}.Release|Any CPU.Build.0 = Release|Any CPU
		{EF091936-2585-42C5-B20C-7D290DB0A1A8}.Debug|Any CPU.ActiveCfg = Debug|Any CPU
		{EF091936-2585-42C5-B20C-7D290DB0A1A8}.Debug|Any CPU.Build.0 = Debug|Any CPU
		{EF091936-2585-42C5-B20C-7D290DB0A1A8}.Release|Any CPU.ActiveCfg = Release|Any CPU
		{EF091936-2585-42C5-B20C-7D290DB0A1A8}.Release|Any CPU.Build.0 = Release|Any CPU
		{5D118458-3BC9-42EA-AB6C-D786157BB64F}.Debug|Any CPU.ActiveCfg = Debug|Any CPU
		{5D118458-3BC9-42EA-AB6C-D786157BB64F}.Debug|Any CPU.Build.0 = Debug|Any CPU
		{5D118458-3BC9-42EA-AB6C-D786157BB64F}.Release|Any CPU.ActiveCfg = Release|Any CPU
		{5D118458-3BC9-42EA-AB6C-D786157BB64F}.Release|Any CPU.Build.0 = Release|Any CPU
		{F24D379D-E01A-441D-ADE5-BBAD36E422A8}.Debug|Any CPU.ActiveCfg = Debug|Any CPU
		{F24D379D-E01A-441D-ADE5-BBAD36E422A8}.Debug|Any CPU.Build.0 = Debug|Any CPU
		{F24D379D-E01A-441D-ADE5-BBAD36E422A8}.Release|Any CPU.ActiveCfg = Release|Any CPU
		{F24D379D-E01A-441D-ADE5-BBAD36E422A8}.Release|Any CPU.Build.0 = Release|Any CPU
		{9137CC86-46AC-4740-8713-E2BC9EDBEE87}.Debug|Any CPU.ActiveCfg = Debug|Any CPU
		{9137CC86-46AC-4740-8713-E2BC9EDBEE87}.Debug|Any CPU.Build.0 = Debug|Any CPU
		{9137CC86-46AC-4740-8713-E2BC9EDBEE87}.Release|Any CPU.ActiveCfg = Release|Any CPU
		{9137CC86-46AC-4740-8713-E2BC9EDBEE87}.Release|Any CPU.Build.0 = Release|Any CPU
	EndGlobalSection
	GlobalSection(SolutionProperties) = preSolution
		HideSolutionNode = FALSE
	EndGlobalSection
	GlobalSection(ExtensibilityGlobals) = postSolution
		SolutionGuid = {E1B1DF21-A111-43AC-A35D-0D9530C715AD}
	EndGlobalSection
EndGlobal
